{
  "name": "agent-playbook-community-validator",
  "version": "1.0.0",
  "lockfileVersion": 3,
  "requires": true,
  "packages": {
    "": {
      "name": "agent-playbook-community-validator",
      "version": "1.0.0",
      "license": "MIT",
      "engines": {
        "node": ">=20"
      }
    }
  }
}
